
Microsoft Visual Studio Solution File, Format Version 12.00
# Visual Studio Version 16
VisualStudioVersion = 16.0.31424.327
MinimumVisualStudioVersion = 10.0.40219.1
Project("{FAE04EC0-301F-11D3-BF4B-00C04F79EFBC}") = "ChateauDuPet.Android", "ChateauDuPet\ChateauDuPet.Android\ChateauDuPet.Android.csproj", "{BF694393-93E6-4473-B3B7-D932B4B4F3FD}"
EndProject
Project("{FAE04EC0-301F-11D3-BF4B-00C04F79EFBC}") = "ChateauDuPet", "ChateauDuPet\ChateauDuPet\ChateauDuPet.csproj", "{FD299B26-DB4E-438F-BDFC-F6F7C3D5144C}"
EndProject
Global
	GlobalSection(SolutionConfigurationPlatforms) = preSolution
		Debug|Any CPU = Debug|Any CPU
		Release|Any CPU = Release|Any CPU
	EndGlobalSection
	GlobalSection(ProjectConfigurationPlatforms) = postSolution
		{BF694393-93E6-4473-B3B7-D932B4B4F3FD}.Debug|Any CPU.ActiveCfg = Debug|Any CPU
		{BF694393-93E6-4473-B3B7-D932B4B4F3FD}.Debug|Any CPU.Build.0 = Debug|Any CPU
		{BF694393-93E6-4473-B3B7-D932B4B4F3FD}.Debug|Any CPU.Deploy.0 = Debug|Any CPU
		{BF694393-93E6-4473-B3B7-D932B4B4F3FD}.Release|Any CPU.ActiveCfg = Release|Any CPU
		{BF694393-93E6-4473-B3B7-D932B4B4F3FD}.Release|Any CPU.Build.0 = Release|Any CPU
		{BF694393-93E6-4473-B3B7-D932B4B4F3FD}.Release|Any CPU.Deploy.0 = Release|Any CPU
		{FD299B26-DB4E-438F-BDFC-F6F7C3D5144C}.Debug|Any CPU.ActiveCfg = Debug|Any CPU
		{FD299B26-DB4E-438F-BDFC-F6F7C3D5144C}.Debug|Any CPU.Build.0 = Debug|Any CPU
		{FD299B26-DB4E-438F-BDFC-F6F7C3D5144C}.Debug|Any CPU.Deploy.0 = Debug|Any CPU
		{FD299B26-DB4E-438F-BDFC-F6F7C3D5144C}.Release|Any CPU.ActiveCfg = Release|Any CPU
		{FD299B26-DB4E-438F-BDFC-F6F7C3D5144C}.Release|Any CPU.Build.0 = Release|Any CPU
		{FD299B26-DB4E-438F-BDFC-F6F7C3D5144C}.Release|Any CPU.Deploy.0 = Release|Any CPU
	EndGlobalSection
	GlobalSection(SolutionProperties) = preSolution
		HideSolutionNode = FALSE
	EndGlobalSection
	GlobalSection(ExtensibilityGlobals) = postSolution
		SolutionGuid = {1F5F506A-9EC2-4CCD-A97C-FFCC78BEA7D8}
	EndGlobalSection
EndGlobal
